# THIS IS AN AUTOGENERATED FILE. DO NOT EDIT THIS FILE DIRECTLY.
# yarn lockfile v1


figmagic@^4.3.3:
  version "4.3.3"
  resolved "https://registry.yarnpkg.com/figmagic/-/figmagic-4.3.3.tgz#8b503c3e5d476d6663832d948c38539851527a31"
  integrity sha512-f4nsjsV9y17cSAZUv8IhRqfwsjdoBgYeQ+fTeOCRske6OAAX6UUZaqGSi/6m8KVJIJVfn8jRbXLAWsjxVsXuRQ==
